
Microsoft Visual Studio Solution File, Format Version 12.00
# Visual Studio Version 16
VisualStudioVersion = 25.0.1704.4
MinimumVisualStudioVersion = 10.0.40219.1
Project("{FAE04EC0-301F-11D3-BF4B-00C04F79EFBC}") = "VS 21 February", "VS 21 February\VS 21 February.csproj", "{736759FA-9B54-4E50-AEA1-D31702C93E02}"
EndProject
Global
	GlobalSection(SolutionConfigurationPlatforms) = preSolution
		Debug|Any CPU = Debug|Any CPU
		Release|Any CPU = Release|Any CPU
	EndGlobalSection
	GlobalSection(ProjectConfigurationPlatforms) = postSolution
		{736759FA-9B54-4E50-AEA1-D31702C93E02}.Debug|Any CPU.ActiveCfg = Debug|Any CPU
		{736759FA-9B54-4E50-AEA1-D31702C93E02}.Debug|Any CPU.Build.0 = Debug|Any CPU
		{736759FA-9B54-4E50-AEA1-D31702C93E02}.Release|Any CPU.ActiveCfg = Release|Any CPU
		{736759FA-9B54-4E50-AEA1-D31702C93E02}.Release|Any CPU.Build.0 = Release|Any CPU
	EndGlobalSection
	GlobalSection(SolutionProperties) = preSolution
		HideSolutionNode = FALSE
	EndGlobalSection
	GlobalSection(ExtensibilityGlobals) = postSolution
		SolutionGuid = {08F9133D-CE9C-4AA9-9570-2A99C9B6298A}
	EndGlobalSection
EndGlobal
